
Microsoft Visual Studio Solution File, Format Version 12.00
# Visual Studio Version 16
VisualStudioVersion = 16.0.29806.167
MinimumVisualStudioVersion = 10.0.40219.1
Project("{9A19103F-16F7-4668-BE54-9A1E7A4F7556}") = "DeductionsCalculator-Api", "DeductionsCalculator\DeductionsCalculator-Api.csproj", "{86FF6204-0561-48AC-BEB4-8B969B99F3B9}"
	ProjectSection(ProjectDependencies) = postProject
		{29412835-A1AA-40B9-AE11-07327733790F} = {29412835-A1AA-40B9-AE11-07327733790F}
		{3A6FA2B3-0B53-4AAC-BCF5-CD77153E4430} = {3A6FA2B3-0B53-4AAC-BCF5-CD77153E4430}
	EndProjectSection
EndProject
Project("{9A19103F-16F7-4668-BE54-9A1E7A4F7556}") = "Models", "Models\Models.csproj", "{29412835-A1AA-40B9-AE11-07327733790F}"
EndProject
Project("{9A19103F-16F7-4668-BE54-9A1E7A4F7556}") = "DAL", "DAL\DAL.csproj", "{3A6FA2B3-0B53-4AAC-BCF5-CD77153E4430}"
EndProject
Project("{9A19103F-16F7-4668-BE54-9A1E7A4F7556}") = "Services", "Services\Services.csproj", "{DD02AAF3-1F2C-42F4-BB13-E554CEBBFEE6}"
EndProject
Project("{2150E333-8FDC-42A3-9474-1A3956D46DE8}") = "Solution Items", "Solution Items", "{B144DB91-3FF0-4303-AFE3-BA48C9FAFC21}"
	ProjectSection(SolutionItems) = preProject
		.editorconfig = .editorconfig
	EndProjectSection
EndProject
Global
	GlobalSection(SolutionConfigurationPlatforms) = preSolution
		Debug|Any CPU = Debug|Any CPU
		Release|Any CPU = Release|Any CPU
	EndGlobalSection
	GlobalSection(ProjectConfigurationPlatforms) = postSolution
		{86FF6204-0561-48AC-BEB4-8B969B99F3B9}.Debug|Any CPU.ActiveCfg = Debug|Any CPU
		{86FF6204-0561-48AC-BEB4-8B969B99F3B9}.Debug|Any CPU.Build.0 = Debug|Any CPU
		{86FF6204-0561-48AC-BEB4-8B969B99F3B9}.Release|Any CPU.ActiveCfg = Release|Any CPU
		{86FF6204-0561-48AC-BEB4-8B969B99F3B9}.Release|Any CPU.Build.0 = Release|Any CPU
		{29412835-A1AA-40B9-AE11-07327733790F}.Debug|Any CPU.ActiveCfg = Debug|Any CPU
		{29412835-A1AA-40B9-AE11-07327733790F}.Debug|Any CPU.Build.0 = Debug|Any CPU
		{29412835-A1AA-40B9-AE11-07327733790F}.Release|Any CPU.ActiveCfg = Release|Any CPU
		{29412835-A1AA-40B9-AE11-07327733790F}.Release|Any CPU.Build.0 = Release|Any CPU
		{3A6FA2B3-0B53-4AAC-BCF5-CD77153E4430}.Debug|Any CPU.ActiveCfg = Debug|Any CPU
		{3A6FA2B3-0B53-4AAC-BCF5-CD77153E4430}.Debug|Any CPU.Build.0 = Debug|Any CPU
		{3A6FA2B3-0B53-4AAC-BCF5-CD77153E4430}.Release|Any CPU.ActiveCfg = Release|Any CPU
		{3A6FA2B3-0B53-4AAC-BCF5-CD77153E4430}.Release|Any CPU.Build.0 = Release|Any CPU
		{DD02AAF3-1F2C-42F4-BB13-E554CEBBFEE6}.Debug|Any CPU.ActiveCfg = Debug|Any CPU
		{DD02AAF3-1F2C-42F4-BB13-E554CEBBFEE6}.Debug|Any CPU.Build.0 = Debug|Any CPU
		{DD02AAF3-1F2C-42F4-BB13-E554CEBBFEE6}.Release|Any CPU.ActiveCfg = Release|Any CPU
		{DD02AAF3-1F2C-42F4-BB13-E554CEBBFEE6}.Release|Any CPU.Build.0 = Release|Any CPU
	EndGlobalSection
	GlobalSection(SolutionProperties) = preSolution
		HideSolutionNode = FALSE
	EndGlobalSection
	GlobalSection(ExtensibilityGlobals) = postSolution
		SolutionGuid = {AA8E2531-5534-4656-BC06-8BD8F743F175}
	EndGlobalSection
EndGlobal
